<?xml version="1.0" encoding="utf-8"?>
<Project ToolsVersion="4.0" xmlns="http://schemas.microsoft.com/developer/msbuild/2003">
  <ItemGroup>
    <Filter Include="Source Files">
      <UniqueIdentifier>{4FC737F1-C7A5-4376-A066-2A32D752A2FF}</UniqueIdentifier>
      <Extensions>cpp;cxx;c;def</Extensions>
      <ParseFiles>true</ParseFiles>
    </Filter>
    <Filter Include="Header Files">
      <UniqueIdentifier>{bbfff42f-da54-40dd-924f-6052968e7673}</UniqueIdentifier>
    </Filter>
    <Filter Include="Generated Files">
      <UniqueIdentifier>{71ED8ED8-ACB9-4CE9-BBE1-E00B30144E11}</UniqueIdentifier>
      <Extensions>moc;h;cpp</Extensions>
      <ParseFiles>true</ParseFiles>
    </Filter>
    <Filter Include="Generated Files\Debug">
      <UniqueIdentifier>{d5fb8433-ced1-4f74-b16c-0fdb8f79507f}</UniqueIdentifier>
      <Extensions>cpp;moc</Extensions>
      <SourceControlFiles>False</SourceControlFiles>
    </Filter>
    <Filter Include="Generated Files\Release">
      <UniqueIdentifier>{4caf1966-8fe1-4f40-b53b-e5a18022706f}</UniqueIdentifier>
      <Extensions>cpp;moc</Extensions>
      <SourceControlFiles>False</SourceControlFiles>
    </Filter>
    <Filter Include="Form Files">
      <UniqueIdentifier>{99349809-55BA-4b9d-BF79-8FDBB0286EB3}</UniqueIdentifier>
      <Extensions>ui</Extensions>
      <ParseFiles>true</ParseFiles>
    </Filter>
    <Filter Include="Resource Files">
      <UniqueIdentifier>{D9D6E242-F8AF-46E4-B9FD-80ECBC20BA3E}</UniqueIdentifier>
      <Extensions>qrc;*</Extensions>
      <ParseFiles>false</ParseFiles>
    </Filter>
    <Filter Include="Header Files\Auxilary">
      <UniqueIdentifier>{27bf0289-8069-4bdc-aeb6-23bb9c41e771}</UniqueIdentifier>
    </Filter>
    <Filter Include="Header Files\GUI">
      <UniqueIdentifier>{97fe340e-cf7c-48b0-bf29-f29e61d61da7}</UniqueIdentifier>
    </Filter>
    <Filter Include="Source Files\Auxilary">
      <UniqueIdentifier>{87579f14-78d7-4635-bf6f-456d8c514621}</UniqueIdentifier>
    </Filter>
    <Filter Include="Source Files\GUI">
      <UniqueIdentifier>{aaa6184d-5f10-4305-84bd-954f645c093d}</UniqueIdentifier>
    </Filter>
  </ItemGroup>
  <ItemGroup>
    <ClCompile Include="main.cpp">
      <Filter>Source Files</Filter>
    </ClCompile>
    <ClCompile Include="Planner.cpp">
      <Filter>Source Files</Filter>
    </ClCompile>
    <ClCompile Include="GeneratedFiles\Debug\moc_GraphicsEllipse.cpp">
      <Filter>Generated Files\Debug</Filter>
    </ClCompile>
    <ClCompile Include="GeneratedFiles\Release\moc_GraphicsEllipse.cpp">
      <Filter>Generated Files\Release</Filter>
    </ClCompile>
    <ClCompile Include="GeneratedFiles\Debug\moc_GraphicsPolygon.cpp">
      <Filter>Generated Files\Debug</Filter>
    </ClCompile>
    <ClCompile Include="GeneratedFiles\Release\moc_GraphicsPolygon.cpp">
      <Filter>Generated Files\Release</Filter>
    </ClCompile>
    <ClCompile Include="GeneratedFiles\Debug\moc_mrmpapplication.cpp">
      <Filter>Generated Files\Debug</Filter>
    </ClCompile>
    <ClCompile Include="GeneratedFiles\Release\moc_mrmpapplication.cpp">
      <Filter>Generated Files\Release</Filter>
    </ClCompile>
    <ClCompile Include="GeneratedFiles\Debug\moc_MRMPDrawingBox.cpp">
      <Filter>Generated Files\Debug</Filter>
    </ClCompile>
    <ClCompile Include="GeneratedFiles\Release\moc_MRMPDrawingBox.cpp">
      <Filter>Generated Files\Release</Filter>
    </ClCompile>
    <ClCompile Include="GeneratedFiles\Debug\moc_Scene.cpp">
      <Filter>Generated Files\Debug</Filter>
    </ClCompile>
    <ClCompile Include="GeneratedFiles\Release\moc_Scene.cpp">
      <Filter>Generated Files\Release</Filter>
    </ClCompile>
    <ClCompile Include="GeneratedFiles\qrc_mrmpapplication.cpp">
      <Filter>Generated Files</Filter>
    </ClCompile>
    <ClCompile Include="Connected_components.cpp">
      <Filter>Source Files\Auxilary</Filter>
    </ClCompile>
    <ClCompile Include="GraphicsEllipse.cpp">
      <Filter>Source Files\GUI</Filter>
    </ClCompile>
    <ClCompile Include="GraphicsPolygon.cpp">
      <Filter>Source Files\GUI</Filter>
    </ClCompile>
    <ClCompile Include="mrmpapplication.cpp">
      <Filter>Source Files\GUI</Filter>
    </ClCompile>
    <ClCompile Include="MRMPDrawingBox.cpp">
      <Filter>Source Files\GUI</Filter>
    </ClCompile>
    <ClCompile Include="Scene.cpp">
      <Filter>Source Files\GUI</Filter>
    </ClCompile>
  </ItemGroup>
  <ItemGroup>
    <ClInclude Include="basic_typedef.h">
      <Filter>Header Files</Filter>
    </ClInclude>
    <ClInclude Include="Planner.h">
      <Filter>Header Files</Filter>
    </ClInclude>
    <ClInclude Include="GeneratedFiles\ui_mrmpapplication.h">
      <Filter>Generated Files</Filter>
    </ClInclude>
    <ClInclude Include="GeneratedFiles\ui_MRMPDrawingBox.h">
      <Filter>Generated Files</Filter>
    </ClInclude>
    <ClInclude Include="colors.h">
      <Filter>Header Files\GUI</Filter>
    </ClInclude>
    <ClInclude Include="get_bounding_circle_center.h">
      <Filter>Header Files\GUI</Filter>
    </ClInclude>
    <ClInclude Include="Connected_components.h">
      <Filter>Header Files\Auxilary</Filter>
    </ClInclude>
    <ClInclude Include="Graph.h">
      <Filter>Header Files\Auxilary</Filter>
    </ClInclude>
    <ClInclude Include="Kd_tree_d.h">
      <Filter>Header Files\Auxilary</Filter>
    </ClInclude>
    <ClInclude Include="Prm.h">
      <Filter>Header Files</Filter>
    </ClInclude>
  </ItemGroup>
  <ItemGroup>
    <CustomBuild Include="mrmpapplication.ui">
      <Filter>Form Files</Filter>
    </CustomBuild>
    <CustomBuild Include="MRMPDrawingBox.ui">
      <Filter>Form Files</Filter>
    </CustomBuild>
    <CustomBuild Include="mrmpapplication.qrc">
      <Filter>Resource Files</Filter>
    </CustomBuild>
    <CustomBuild Include="GraphicsEllipse.h">
      <Filter>Header Files\GUI</Filter>
    </CustomBuild>
    <CustomBuild Include="GraphicsPolygon.h">
      <Filter>Header Files\GUI</Filter>
    </CustomBuild>
    <CustomBuild Include="mrmpapplication.h">
      <Filter>Header Files\GUI</Filter>
    </CustomBuild>
    <CustomBuild Include="MRMPDrawingBox.h">
      <Filter>Header Files\GUI</Filter>
    </CustomBuild>
    <CustomBuild Include="Scene.h">
      <Filter>Header Files\GUI</Filter>
    </CustomBuild>
  </ItemGroup>
</Project>